
Microsoft Visual Studio Solution File, Format Version 12.00
# Visual Studio 15
VisualStudioVersion = 15.0.28307.136
MinimumVisualStudioVersion = 10.0.40219.1
Project("{FAE04EC0-301F-11D3-BF4B-00C04F79EFBC}") = "InsuranceApp1", "InsuranceApp1\InsuranceApp1.csproj", "{C97BD02A-7896-45F2-9831-05715C77DD9D}"
EndProject
Global
	GlobalSection(SolutionConfigurationPlatforms) = preSolution
		Debug|Any CPU = Debug|Any CPU
		Release|Any CPU = Release|Any CPU
	EndGlobalSection
	GlobalSection(ProjectConfigurationPlatforms) = postSolution
		{C97BD02A-7896-45F2-9831-05715C77DD9D}.Debug|Any CPU.ActiveCfg = Debug|Any CPU
		{C97BD02A-7896-45F2-9831-05715C77DD9D}.Debug|Any CPU.Build.0 = Debug|Any CPU
		{C97BD02A-7896-45F2-9831-05715C77DD9D}.Release|Any CPU.ActiveCfg = Release|Any CPU
		{C97BD02A-7896-45F2-9831-05715C77DD9D}.Release|Any CPU.Build.0 = Release|Any CPU
	EndGlobalSection
	GlobalSection(SolutionProperties) = preSolution
		HideSolutionNode = FALSE
	EndGlobalSection
	GlobalSection(ExtensibilityGlobals) = postSolution
		SolutionGuid = {4C866C6A-6335-4AD6-96C3-8734B175D9E2}
	EndGlobalSection
EndGlobal
